
Microsoft Visual Studio Solution File, Format Version 12.00
# Visual Studio Version 16
VisualStudioVersion = 16.0.30002.166
MinimumVisualStudioVersion = 10.0.40219.1
Project("{FAE04EC0-301F-11D3-BF4B-00C04F79EFBC}") = "FotoViewerEF2", "FotoViewerEF2\FotoViewerEF2.csproj", "{BCCF21FC-A797-442F-8172-E5665283451B}"
EndProject
Project("{FAE04EC0-301F-11D3-BF4B-00C04F79EFBC}") = "ClassLibraryFotoEF", "ClassLibraryFotoEF\ClassLibraryFotoEF.csproj", "{2441DFEB-5563-4688-8673-31C46BBE79B7}"
EndProject
Global
	GlobalSection(SolutionConfigurationPlatforms) = preSolution
		Debug|Any CPU = Debug|Any CPU
		Release|Any CPU = Release|Any CPU
	EndGlobalSection
	GlobalSection(ProjectConfigurationPlatforms) = postSolution
		{BCCF21FC-A797-442F-8172-E5665283451B}.Debug|Any CPU.ActiveCfg = Debug|Any CPU
		{BCCF21FC-A797-442F-8172-E5665283451B}.Debug|Any CPU.Build.0 = Debug|Any CPU
		{BCCF21FC-A797-442F-8172-E5665283451B}.Release|Any CPU.ActiveCfg = Release|Any CPU
		{BCCF21FC-A797-442F-8172-E5665283451B}.Release|Any CPU.Build.0 = Release|Any CPU
		{2441DFEB-5563-4688-8673-31C46BBE79B7}.Debug|Any CPU.ActiveCfg = Debug|Any CPU
		{2441DFEB-5563-4688-8673-31C46BBE79B7}.Debug|Any CPU.Build.0 = Debug|Any CPU
		{2441DFEB-5563-4688-8673-31C46BBE79B7}.Release|Any CPU.ActiveCfg = Release|Any CPU
		{2441DFEB-5563-4688-8673-31C46BBE79B7}.Release|Any CPU.Build.0 = Release|Any CPU
	EndGlobalSection
	GlobalSection(SolutionProperties) = preSolution
		HideSolutionNode = FALSE
	EndGlobalSection
	GlobalSection(ExtensibilityGlobals) = postSolution
		SolutionGuid = {95BDCD6F-0DEB-4D47-BAA6-602CE03ABB1E}
	EndGlobalSection
EndGlobal
